
Microsoft Visual Studio Solution File, Format Version 12.00
# Visual Studio Version 17
VisualStudioVersion = 17.8.34511.84
MinimumVisualStudioVersion = 10.0.40219.1
Project("{FAE04EC0-301F-11D3-BF4B-00C04F79EFBC}") = "ASPTableEditor", "ASPTableEditor\ASPTableEditor.csproj", "{AE3B090C-E4AD-48D8-8315-547C96F2684E}"
EndProject
Global
	GlobalSection(SolutionConfigurationPlatforms) = preSolution
		Debug|Any CPU = Debug|Any CPU
		Release|Any CPU = Release|Any CPU
	EndGlobalSection
	GlobalSection(ProjectConfigurationPlatforms) = postSolution
		{AE3B090C-E4AD-48D8-8315-547C96F2684E}.Debug|Any CPU.ActiveCfg = Debug|Any CPU
		{AE3B090C-E4AD-48D8-8315-547C96F2684E}.Debug|Any CPU.Build.0 = Debug|Any CPU
		{AE3B090C-E4AD-48D8-8315-547C96F2684E}.Release|Any CPU.ActiveCfg = Release|Any CPU
		{AE3B090C-E4AD-48D8-8315-547C96F2684E}.Release|Any CPU.Build.0 = Release|Any CPU
	EndGlobalSection
	GlobalSection(SolutionProperties) = preSolution
		HideSolutionNode = FALSE
	EndGlobalSection
	GlobalSection(ExtensibilityGlobals) = postSolution
		SolutionGuid = {F50DE76A-7909-4E39-9F60-D6F31E0DB273}
	EndGlobalSection
EndGlobal
